
Microsoft Visual Studio Solution File, Format Version 12.00
# Visual Studio Version 17
VisualStudioVersion = 17.9.34714.143
MinimumVisualStudioVersion = 10.0.40219.1
Project("{FAE04EC0-301F-11D3-BF4B-00C04F79EFBC}") = "WebAPI", "WebAPI\WebAPI.csproj", "{DE254AB4-C4C7-4077-99DC-3CDD59571EB5}"
EndProject
Project("{FAE04EC0-301F-11D3-BF4B-00C04F79EFBC}") = "Entities", "Entities\Entities.csproj", "{78A925F1-1945-4BE4-8D25-5E2FEF4DE343}"
EndProject
Project("{FAE04EC0-301F-11D3-BF4B-00C04F79EFBC}") = "DataAccess", "DataAccess\DataAccess.csproj", "{7AD2A4DD-821D-455E-B64A-4482089BC32F}"
EndProject
Project("{FAE04EC0-301F-11D3-BF4B-00C04F79EFBC}") = "Business", "Business\Business.csproj", "{81D15B1B-6C5D-46B7-8DFA-A21E921E89AF}"
EndProject
Project("{FAE04EC0-301F-11D3-BF4B-00C04F79EFBC}") = "WebUI", "WebUI\WebUI.csproj", "{C01B2DE7-5EC2-4790-A92D-93F880896245}"
EndProject
Global
	GlobalSection(SolutionConfigurationPlatforms) = preSolution
		Debug|Any CPU = Debug|Any CPU
		Release|Any CPU = Release|Any CPU
	EndGlobalSection
	GlobalSection(ProjectConfigurationPlatforms) = postSolution
		{DE254AB4-C4C7-4077-99DC-3CDD59571EB5}.Debug|Any CPU.ActiveCfg = Debug|Any CPU
		{DE254AB4-C4C7-4077-99DC-3CDD59571EB5}.Debug|Any CPU.Build.0 = Debug|Any CPU
		{DE254AB4-C4C7-4077-99DC-3CDD59571EB5}.Release|Any CPU.ActiveCfg = Release|Any CPU
		{DE254AB4-C4C7-4077-99DC-3CDD59571EB5}.Release|Any CPU.Build.0 = Release|Any CPU
		{78A925F1-1945-4BE4-8D25-5E2FEF4DE343}.Debug|Any CPU.ActiveCfg = Debug|Any CPU
		{78A925F1-1945-4BE4-8D25-5E2FEF4DE343}.Debug|Any CPU.Build.0 = Debug|Any CPU
		{78A925F1-1945-4BE4-8D25-5E2FEF4DE343}.Release|Any CPU.ActiveCfg = Release|Any CPU
		{78A925F1-1945-4BE4-8D25-5E2FEF4DE343}.Release|Any CPU.Build.0 = Release|Any CPU
		{7AD2A4DD-821D-455E-B64A-4482089BC32F}.Debug|Any CPU.ActiveCfg = Debug|Any CPU
		{7AD2A4DD-821D-455E-B64A-4482089BC32F}.Debug|Any CPU.Build.0 = Debug|Any CPU
		{7AD2A4DD-821D-455E-B64A-4482089BC32F}.Release|Any CPU.ActiveCfg = Release|Any CPU
		{7AD2A4DD-821D-455E-B64A-4482089BC32F}.Release|Any CPU.Build.0 = Release|Any CPU
		{81D15B1B-6C5D-46B7-8DFA-A21E921E89AF}.Debug|Any CPU.ActiveCfg = Debug|Any CPU
		{81D15B1B-6C5D-46B7-8DFA-A21E921E89AF}.Debug|Any CPU.Build.0 = Debug|Any CPU
		{81D15B1B-6C5D-46B7-8DFA-A21E921E89AF}.Release|Any CPU.ActiveCfg = Release|Any CPU
		{81D15B1B-6C5D-46B7-8DFA-A21E921E89AF}.Release|Any CPU.Build.0 = Release|Any CPU
		{C01B2DE7-5EC2-4790-A92D-93F880896245}.Debug|Any CPU.ActiveCfg = Debug|Any CPU
		{C01B2DE7-5EC2-4790-A92D-93F880896245}.Debug|Any CPU.Build.0 = Debug|Any CPU
		{C01B2DE7-5EC2-4790-A92D-93F880896245}.Release|Any CPU.ActiveCfg = Release|Any CPU
		{C01B2DE7-5EC2-4790-A92D-93F880896245}.Release|Any CPU.Build.0 = Release|Any CPU
	EndGlobalSection
	GlobalSection(SolutionProperties) = preSolution
		HideSolutionNode = FALSE
	EndGlobalSection
	GlobalSection(ExtensibilityGlobals) = postSolution
		SolutionGuid = {00806C3F-74A7-4E4B-A216-BA6EEE6866D1}
	EndGlobalSection
EndGlobal
